
Microsoft Visual Studio Solution File, Format Version 12.00
# Visual Studio Version 17
VisualStudioVersion = 17.9.34714.143
MinimumVisualStudioVersion = 10.0.40219.1
Project("{2150E333-8FDC-42A3-9474-1A3956D46DE8}") = "Environment", "Environment", "{FE249CDF-AADF-4F3D-B199-0DF4376575E1}"
EndProject
Project("{2150E333-8FDC-42A3-9474-1A3956D46DE8}") = "Feature", "Feature", "{C47A61C0-64CA-4618-8698-51155367F0DD}"
EndProject
Project("{2150E333-8FDC-42A3-9474-1A3956D46DE8}") = "Foundation", "Foundation", "{D9DE8412-988B-448C-890C-33B6C0A72290}"
EndProject
Project("{2150E333-8FDC-42A3-9474-1A3956D46DE8}") = "Project", "Project", "{A6BC236D-3485-4412-A1A3-8B9A94D99C06}"
EndProject
Project("{2150E333-8FDC-42A3-9474-1A3956D46DE8}") = "DependencyInjection", "DependencyInjection", "{4A5E07D6-335C-433A-B4B0-65BDA49EB3E2}"
EndProject
Project("{FAE04EC0-301F-11D3-BF4B-00C04F79EFBC}") = "Learning.Environment.CMS", "src\Environment\website\Learning.Environment.CMS.csproj", "{2CA64A1D-5E04-4868-B649-6A6887B572A9}"
	ProjectSection(ProjectDependencies) = postProject
		{3D552572-86E6-49D8-919D-6DFF64C471BF} = {3D552572-86E6-49D8-919D-6DFF64C471BF}
		{4509FDF6-3983-4F0B-9736-0F712015F689} = {4509FDF6-3983-4F0B-9736-0F712015F689}
		{4C1BE5DE-8577-4726-8B51-21C519A58964} = {4C1BE5DE-8577-4726-8B51-21C519A58964}
		{5E65D4DC-B7C5-4ADA-BAF0-067AAAE22BD2} = {5E65D4DC-B7C5-4ADA-BAF0-067AAAE22BD2}
		{6D9C3D4E-8A0B-497A-AF45-B9D092DC3F50} = {6D9C3D4E-8A0B-497A-AF45-B9D092DC3F50}
		{86557448-C12D-45A7-B22F-E1554A8B9F27} = {86557448-C12D-45A7-B22F-E1554A8B9F27}
		{8FB744A4-657B-4A68-8691-A9C928D3F499} = {8FB744A4-657B-4A68-8691-A9C928D3F499}
		{9CB85FA9-911C-42F0-A72C-5AA01A2B38FA} = {9CB85FA9-911C-42F0-A72C-5AA01A2B38FA}
		{ABB897A3-F39B-445A-8F64-B0F26152899A} = {ABB897A3-F39B-445A-8F64-B0F26152899A}
		{ACCB5869-A3AC-464E-87BD-B5AA88ADC547} = {ACCB5869-A3AC-464E-87BD-B5AA88ADC547}
	EndProjectSection
EndProject
Project("{FAE04EC0-301F-11D3-BF4B-00C04F79EFBC}") = "Learning.Foundation.DependencyInjection", "src\Foundation\DependencyInjection\website\Learning.Foundation.DependencyInjection.csproj", "{4C1BE5DE-8577-4726-8B51-21C519A58964}"
EndProject
Project("{2150E333-8FDC-42A3-9474-1A3956D46DE8}") = "Log", "Log", "{C528A4E6-9992-4A60-8161-EE370FC785DD}"
EndProject
Project("{2150E333-8FDC-42A3-9474-1A3956D46DE8}") = "RichText", "RichText", "{63AF7524-5077-433A-A4C5-05D80B85AEBD}"
EndProject
Project("{2150E333-8FDC-42A3-9474-1A3956D46DE8}") = "Serialization", "Serialization", "{F9559F34-6811-40DF-A472-D87B7AE1A152}"
EndProject
Project("{2150E333-8FDC-42A3-9474-1A3956D46DE8}") = "Utility", "Utility", "{FE9B0474-D4E7-4FAB-BE3D-91AD95C879E4}"
EndProject
Project("{2150E333-8FDC-42A3-9474-1A3956D46DE8}") = "Educity", "Educity", "{D09482E6-94AF-4B4D-8326-907704D01D26}"
EndProject
Project("{2150E333-8FDC-42A3-9474-1A3956D46DE8}") = "CustomComponents", "CustomComponents", "{5D60D284-0404-4A68-9934-CA3442079D12}"
EndProject
Project("{2150E333-8FDC-42A3-9474-1A3956D46DE8}") = "Forms", "Forms", "{8B64E1EB-5D0A-4294-90B7-CA48124A80EC}"
EndProject
Project("{2150E333-8FDC-42A3-9474-1A3956D46DE8}") = "Common", "Common", "{DE65222C-9A43-4CEC-9EB2-E6BB38AD3E59}"
EndProject
Project("{FAE04EC0-301F-11D3-BF4B-00C04F79EFBC}") = "Learning.Project.Educity", "src\Project\Educity\website\Learning.Project.Educity.csproj", "{9CB85FA9-911C-42F0-A72C-5AA01A2B38FA}"
EndProject
Project("{FAE04EC0-301F-11D3-BF4B-00C04F79EFBC}") = "Learning.Project.Common", "src\Project\Common\website\Learning.Project.Common.csproj", "{5E65D4DC-B7C5-4ADA-BAF0-067AAAE22BD2}"
EndProject
Project("{FAE04EC0-301F-11D3-BF4B-00C04F79EFBC}") = "Learning.Foundation.Utility", "src\Foundation\Utility\website\Learning.Foundation.Utility.csproj", "{6D9C3D4E-8A0B-497A-AF45-B9D092DC3F50}"
EndProject
Project("{FAE04EC0-301F-11D3-BF4B-00C04F79EFBC}") = "Learning.Foundation.Serialization", "src\Foundation\Serialization\website\Learning.Foundation.Serialization.csproj", "{ABB897A3-F39B-445A-8F64-B0F26152899A}"
EndProject
Project("{FAE04EC0-301F-11D3-BF4B-00C04F79EFBC}") = "Learning.Foundation.RichText", "src\Foundation\RichText\website\Learning.Foundation.RichText.csproj", "{4509FDF6-3983-4F0B-9736-0F712015F689}"
EndProject
Project("{FAE04EC0-301F-11D3-BF4B-00C04F79EFBC}") = "Learning.Foundation.Log", "src\Foundation\Log\website\Learning.Foundation.Log.csproj", "{3D552572-86E6-49D8-919D-6DFF64C471BF}"
EndProject
Project("{FAE04EC0-301F-11D3-BF4B-00C04F79EFBC}") = "Learning.Feature.Forms", "src\Feature\Forms\website\Learning.Feature.Forms.csproj", "{86557448-C12D-45A7-B22F-E1554A8B9F27}"
EndProject
Project("{FAE04EC0-301F-11D3-BF4B-00C04F79EFBC}") = "Learning.Feature.CustomComponents", "src\Feature\CustomComponents\website\Learning.Feature.CustomComponents.csproj", "{ACCB5869-A3AC-464E-87BD-B5AA88ADC547}"
EndProject
Project("{2150E333-8FDC-42A3-9474-1A3956D46DE8}") = "CustomFields", "CustomFields", "{7F41652F-CDDA-4889-9703-8860A359DE82}"
EndProject
Project("{FAE04EC0-301F-11D3-BF4B-00C04F79EFBC}") = "Learning.Foundation.CustomFields", "src\Foundation\CustomFields\website\Learning.Foundation.CustomFields.csproj", "{8FB744A4-657B-4A68-8691-A9C928D3F499}"
EndProject
Global
	GlobalSection(SolutionConfigurationPlatforms) = preSolution
		Debug|Any CPU = Debug|Any CPU
		Release|Any CPU = Release|Any CPU
	EndGlobalSection
	GlobalSection(ProjectConfigurationPlatforms) = postSolution
		{2CA64A1D-5E04-4868-B649-6A6887B572A9}.Debug|Any CPU.ActiveCfg = Debug|Any CPU
		{2CA64A1D-5E04-4868-B649-6A6887B572A9}.Debug|Any CPU.Build.0 = Debug|Any CPU
		{2CA64A1D-5E04-4868-B649-6A6887B572A9}.Release|Any CPU.ActiveCfg = Release|Any CPU
		{2CA64A1D-5E04-4868-B649-6A6887B572A9}.Release|Any CPU.Build.0 = Release|Any CPU
		{4C1BE5DE-8577-4726-8B51-21C519A58964}.Debug|Any CPU.ActiveCfg = Debug|Any CPU
		{4C1BE5DE-8577-4726-8B51-21C519A58964}.Debug|Any CPU.Build.0 = Debug|Any CPU
		{4C1BE5DE-8577-4726-8B51-21C519A58964}.Release|Any CPU.ActiveCfg = Release|Any CPU
		{4C1BE5DE-8577-4726-8B51-21C519A58964}.Release|Any CPU.Build.0 = Release|Any CPU
		{9CB85FA9-911C-42F0-A72C-5AA01A2B38FA}.Debug|Any CPU.ActiveCfg = Debug|Any CPU
		{9CB85FA9-911C-42F0-A72C-5AA01A2B38FA}.Debug|Any CPU.Build.0 = Debug|Any CPU
		{9CB85FA9-911C-42F0-A72C-5AA01A2B38FA}.Release|Any CPU.ActiveCfg = Release|Any CPU
		{9CB85FA9-911C-42F0-A72C-5AA01A2B38FA}.Release|Any CPU.Build.0 = Release|Any CPU
		{5E65D4DC-B7C5-4ADA-BAF0-067AAAE22BD2}.Debug|Any CPU.ActiveCfg = Debug|Any CPU
		{5E65D4DC-B7C5-4ADA-BAF0-067AAAE22BD2}.Debug|Any CPU.Build.0 = Debug|Any CPU
		{5E65D4DC-B7C5-4ADA-BAF0-067AAAE22BD2}.Release|Any CPU.ActiveCfg = Release|Any CPU
		{5E65D4DC-B7C5-4ADA-BAF0-067AAAE22BD2}.Release|Any CPU.Build.0 = Release|Any CPU
		{6D9C3D4E-8A0B-497A-AF45-B9D092DC3F50}.Debug|Any CPU.ActiveCfg = Debug|Any CPU
		{6D9C3D4E-8A0B-497A-AF45-B9D092DC3F50}.Debug|Any CPU.Build.0 = Debug|Any CPU
		{6D9C3D4E-8A0B-497A-AF45-B9D092DC3F50}.Release|Any CPU.ActiveCfg = Release|Any CPU
		{6D9C3D4E-8A0B-497A-AF45-B9D092DC3F50}.Release|Any CPU.Build.0 = Release|Any CPU
		{ABB897A3-F39B-445A-8F64-B0F26152899A}.Debug|Any CPU.ActiveCfg = Debug|Any CPU
		{ABB897A3-F39B-445A-8F64-B0F26152899A}.Debug|Any CPU.Build.0 = Debug|Any CPU
		{ABB897A3-F39B-445A-8F64-B0F26152899A}.Release|Any CPU.ActiveCfg = Release|Any CPU
		{ABB897A3-F39B-445A-8F64-B0F26152899A}.Release|Any CPU.Build.0 = Release|Any CPU
		{4509FDF6-3983-4F0B-9736-0F712015F689}.Debug|Any CPU.ActiveCfg = Debug|Any CPU
		{4509FDF6-3983-4F0B-9736-0F712015F689}.Debug|Any CPU.Build.0 = Debug|Any CPU
		{4509FDF6-3983-4F0B-9736-0F712015F689}.Release|Any CPU.ActiveCfg = Release|Any CPU
		{4509FDF6-3983-4F0B-9736-0F712015F689}.Release|Any CPU.Build.0 = Release|Any CPU
		{3D552572-86E6-49D8-919D-6DFF64C471BF}.Debug|Any CPU.ActiveCfg = Debug|Any CPU
		{3D552572-86E6-49D8-919D-6DFF64C471BF}.Debug|Any CPU.Build.0 = Debug|Any CPU
		{3D552572-86E6-49D8-919D-6DFF64C471BF}.Release|Any CPU.ActiveCfg = Release|Any CPU
		{3D552572-86E6-49D8-919D-6DFF64C471BF}.Release|Any CPU.Build.0 = Release|Any CPU
		{86557448-C12D-45A7-B22F-E1554A8B9F27}.Debug|Any CPU.ActiveCfg = Debug|Any CPU
		{86557448-C12D-45A7-B22F-E1554A8B9F27}.Debug|Any CPU.Build.0 = Debug|Any CPU
		{86557448-C12D-45A7-B22F-E1554A8B9F27}.Release|Any CPU.ActiveCfg = Release|Any CPU
		{86557448-C12D-45A7-B22F-E1554A8B9F27}.Release|Any CPU.Build.0 = Release|Any CPU
		{ACCB5869-A3AC-464E-87BD-B5AA88ADC547}.Debug|Any CPU.ActiveCfg = Debug|Any CPU
		{ACCB5869-A3AC-464E-87BD-B5AA88ADC547}.Debug|Any CPU.Build.0 = Debug|Any CPU
		{ACCB5869-A3AC-464E-87BD-B5AA88ADC547}.Release|Any CPU.ActiveCfg = Release|Any CPU
		{ACCB5869-A3AC-464E-87BD-B5AA88ADC547}.Release|Any CPU.Build.0 = Release|Any CPU
		{8FB744A4-657B-4A68-8691-A9C928D3F499}.Debug|Any CPU.ActiveCfg = Debug|Any CPU
		{8FB744A4-657B-4A68-8691-A9C928D3F499}.Debug|Any CPU.Build.0 = Debug|Any CPU
		{8FB744A4-657B-4A68-8691-A9C928D3F499}.Release|Any CPU.ActiveCfg = Release|Any CPU
		{8FB744A4-657B-4A68-8691-A9C928D3F499}.Release|Any CPU.Build.0 = Release|Any CPU
	EndGlobalSection
	GlobalSection(SolutionProperties) = preSolution
		HideSolutionNode = FALSE
	EndGlobalSection
	GlobalSection(NestedProjects) = preSolution
		{4A5E07D6-335C-433A-B4B0-65BDA49EB3E2} = {D9DE8412-988B-448C-890C-33B6C0A72290}
		{2CA64A1D-5E04-4868-B649-6A6887B572A9} = {FE249CDF-AADF-4F3D-B199-0DF4376575E1}
		{4C1BE5DE-8577-4726-8B51-21C519A58964} = {4A5E07D6-335C-433A-B4B0-65BDA49EB3E2}
		{C528A4E6-9992-4A60-8161-EE370FC785DD} = {D9DE8412-988B-448C-890C-33B6C0A72290}
		{63AF7524-5077-433A-A4C5-05D80B85AEBD} = {D9DE8412-988B-448C-890C-33B6C0A72290}
		{F9559F34-6811-40DF-A472-D87B7AE1A152} = {D9DE8412-988B-448C-890C-33B6C0A72290}
		{FE9B0474-D4E7-4FAB-BE3D-91AD95C879E4} = {D9DE8412-988B-448C-890C-33B6C0A72290}
		{D09482E6-94AF-4B4D-8326-907704D01D26} = {A6BC236D-3485-4412-A1A3-8B9A94D99C06}
		{5D60D284-0404-4A68-9934-CA3442079D12} = {C47A61C0-64CA-4618-8698-51155367F0DD}
		{8B64E1EB-5D0A-4294-90B7-CA48124A80EC} = {C47A61C0-64CA-4618-8698-51155367F0DD}
		{DE65222C-9A43-4CEC-9EB2-E6BB38AD3E59} = {A6BC236D-3485-4412-A1A3-8B9A94D99C06}
		{9CB85FA9-911C-42F0-A72C-5AA01A2B38FA} = {D09482E6-94AF-4B4D-8326-907704D01D26}
		{5E65D4DC-B7C5-4ADA-BAF0-067AAAE22BD2} = {DE65222C-9A43-4CEC-9EB2-E6BB38AD3E59}
		{6D9C3D4E-8A0B-497A-AF45-B9D092DC3F50} = {FE9B0474-D4E7-4FAB-BE3D-91AD95C879E4}
		{ABB897A3-F39B-445A-8F64-B0F26152899A} = {F9559F34-6811-40DF-A472-D87B7AE1A152}
		{4509FDF6-3983-4F0B-9736-0F712015F689} = {63AF7524-5077-433A-A4C5-05D80B85AEBD}
		{3D552572-86E6-49D8-919D-6DFF64C471BF} = {C528A4E6-9992-4A60-8161-EE370FC785DD}
		{86557448-C12D-45A7-B22F-E1554A8B9F27} = {8B64E1EB-5D0A-4294-90B7-CA48124A80EC}
		{ACCB5869-A3AC-464E-87BD-B5AA88ADC547} = {5D60D284-0404-4A68-9934-CA3442079D12}
		{7F41652F-CDDA-4889-9703-8860A359DE82} = {D9DE8412-988B-448C-890C-33B6C0A72290}
		{8FB744A4-657B-4A68-8691-A9C928D3F499} = {7F41652F-CDDA-4889-9703-8860A359DE82}
	EndGlobalSection
	GlobalSection(ExtensibilityGlobals) = postSolution
		SolutionGuid = {60CED1C6-E1A0-4300-9654-4A4A361F179B}
	EndGlobalSection
EndGlobal
